// !$*UTF8*$!
{
	archiveVersion = 1;
	classes = {
	};
	objectVersion = 46;
	objects = {

/* Begin PBXBuildFile section */
		EFCDD14E1C1349BD0079C61B /* main.m in Sources */ = {isa = PBXBuildFile; fileRef = EFCDD14D1C1349BD0079C61B /* main.m */; };
		EFCDD1511C1349BD0079C61B /* AppDelegate.m in Sources */ = {isa = PBXBuildFile; fileRef = EFCDD1501C1349BD0079C61B /* AppDelegate.m */; };
		EFCDD1541C1349BD0079C61B /* ViewController.m in Sources */ = {isa = PBXBuildFile; fileRef = EFCDD1531C1349BD0079C61B /* ViewController.m */; };
		EFCDD1571C1349BD0079C61B /* Main.storyboard in Resources */ = {isa = PBXBuildFile; fileRef = EFCDD1551C1349BD0079C61B /* Main.storyboard */; };
		EFCDD1591C1349BD0079C61B /* Assets.xcassets in Resources */ = {isa = PBXBuildFile; fileRef = EFCDD1581C1349BD0079C61B /* Assets.xcassets */; };
		EFCDD15C1C1349BD0079C61B /* LaunchScreen.storyboard in Resources */ = {isa = PBXBuildFile; fileRef = EFCDD15A1C1349BD0079C61B /* LaunchScreen.storyboard */; };
		EFCDD1611C1349BD0079C61B /* Watch Raytracer WatchKit App.app in Embed Watch Content */ = {isa = PBXBuildFile; fileRef = EFCDD1601C1349BD0079C61B /* Watch Raytracer WatchKit App.app */; };
		EFCDD1671C1349BD0079C61B /* Interface.storyboard in Resources */ = {isa = PBXBuildFile; fileRef = EFCDD1651C1349BD0079C61B /* Interface.storyboard */; };
		EFCDD1691C1349BD0079C61B /* Assets.xcassets in Resources */ = {isa = PBXBuildFile; fileRef = EFCDD1681C1349BD0079C61B /* Assets.xcassets */; };
		EFCDD1701C1349BD0079C61B /* Watch Raytracer WatchKit Extension.appex in Embed App Extensions */ = {isa = PBXBuildFile; fileRef = EFCDD16F1C1349BD0079C61B /* Watch Raytracer WatchKit Extension.appex */; settings = {ATTRIBUTES = (RemoveHeadersOnCopy, ); }; };
		EFCDD1761C1349BD0079C61B /* InterfaceController.m in Sources */ = {isa = PBXBuildFile; fileRef = EFCDD1751C1349BD0079C61B /* InterfaceController.m */; };
		EFCDD1791C1349BD0079C61B /* ExtensionDelegate.m in Sources */ = {isa = PBXBuildFile; fileRef = EFCDD1781C1349BD0079C61B /* ExtensionDelegate.m */; };
		EFCDD17B1C1349BD0079C61B /* Assets.xcassets in Resources */ = {isa = PBXBuildFile; fileRef = EFCDD17A1C1349BD0079C61B /* Assets.xcassets */; };
		EFCDD18E1C134D470079C61B /* RTPoint.m in Sources */ = {isa = PBXBuildFile; fileRef = EFCDD18D1C134D470079C61B /* RTPoint.m */; };
		EFCDD1911C134DD70079C61B /* RTVector.m in Sources */ = {isa = PBXBuildFile; fileRef = EFCDD1901C134DD70079C61B /* RTVector.m */; };
		EFCDD1951C1351A30079C61B /* Model.m in Sources */ = {isa = PBXBuildFile; fileRef = EFCDD1941C1351A30079C61B /* Model.m */; };
		EFCDD1991C1353810079C61B /* RTColour.m in Sources */ = {isa = PBXBuildFile; fileRef = EFCDD1981C1353810079C61B /* RTColour.m */; };
		EFCDD19C1C1357D90079C61B /* RTLight.m in Sources */ = {isa = PBXBuildFile; fileRef = EFCDD19B1C1357D90079C61B /* RTLight.m */; };
		EFCDD19F1C135AEB0079C61B /* RTMaterial.m in Sources */ = {isa = PBXBuildFile; fileRef = EFCDD19E1C135AEB0079C61B /* RTMaterial.m */; };
		EFCDD1A21C1360170079C61B /* RTCamera.m in Sources */ = {isa = PBXBuildFile; fileRef = EFCDD1A11C1360170079C61B /* RTCamera.m */; };
		EFCDD1A51C1363590079C61B /* RTRay.m in Sources */ = {isa = PBXBuildFile; fileRef = EFCDD1A41C1363590079C61B /* RTRay.m */; };
		EFCDD1A81C1364C00079C61B /* RTDimension.m in Sources */ = {isa = PBXBuildFile; fileRef = EFCDD1A71C1364C00079C61B /* RTDimension.m */; };
		EFCDD1AB1C1366490079C61B /* RTCanvas.m in Sources */ = {isa = PBXBuildFile; fileRef = EFCDD1AA1C1366490079C61B /* RTCanvas.m */; };
		EFCDD1AF1C136D2F0079C61B /* RTAbstractObject.m in Sources */ = {isa = PBXBuildFile; fileRef = EFCDD1AE1C136D2F0079C61B /* RTAbstractObject.m */; };
		EFCDD1B21C1376D70079C61B /* RTScene.m in Sources */ = {isa = PBXBuildFile; fileRef = EFCDD1B11C1376D70079C61B /* RTScene.m */; };
		EFCDD1B51C137DF90079C61B /* RTObjectBuilder.m in Sources */ = {isa = PBXBuildFile; fileRef = EFCDD1B41C137DF90079C61B /* RTObjectBuilder.m */; };
		EFCDD1B81C1380990079C61B /* RTBox.m in Sources */ = {isa = PBXBuildFile; fileRef = EFCDD1B71C1380990079C61B /* RTBox.m */; };
		EFCDD1BB1C1387730079C61B /* RTSphere.m in Sources */ = {isa = PBXBuildFile; fileRef = EFCDD1BA1C1387730079C61B /* RTSphere.m */; };
		EFCDD1BF1C138BAC0079C61B /* RTRayShooter.m in Sources */ = {isa = PBXBuildFile; fileRef = EFCDD1BE1C138BAC0079C61B /* RTRayShooter.m */; };
		EFCDD1C21C138BB90079C61B /* RTRayTracer.m in Sources */ = {isa = PBXBuildFile; fileRef = EFCDD1C11C138BB90079C61B /* RTRayTracer.m */; };
		EFCDD1C31C13B94B0079C61B /* RTRayShooter.m in Sources */ = {isa = PBXBuildFile; fileRef = EFCDD1BE1C138BAC0079C61B /* RTRayShooter.m */; };
		EFCDD1C41C13B94B0079C61B /* RTRayTracer.m in Sources */ = {isa = PBXBuildFile; fileRef = EFCDD1C11C138BB90079C61B /* RTRayTracer.m */; };
		EFCDD1C51C13B94B0079C61B /* RTAbstractObject.m in Sources */ = {isa = PBXBuildFile; fileRef = EFCDD1AE1C136D2F0079C61B /* RTAbstractObject.m */; };
		EFCDD1C61C13B94B0079C61B /* RTScene.m in Sources */ = {isa = PBXBuildFile; fileRef = EFCDD1B11C1376D70079C61B /* RTScene.m */; };
		EFCDD1C71C13B94B0079C61B /* RTObjectBuilder.m in Sources */ = {isa = PBXBuildFile; fileRef = EFCDD1B41C137DF90079C61B /* RTObjectBuilder.m */; };
		EFCDD1C81C13B94B0079C61B /* RTBox.m in Sources */ = {isa = PBXBuildFile; fileRef = EFCDD1B71C1380990079C61B /* RTBox.m */; };
		EFCDD1C91C13B94B0079C61B /* RTSphere.m in Sources */ = {isa = PBXBuildFile; fileRef = EFCDD1BA1C1387730079C61B /* RTSphere.m */; };
		EFCDD1CA1C13B94B0079C61B /* RTColour.m in Sources */ = {isa = PBXBuildFile; fileRef = EFCDD1981C1353810079C61B /* RTColour.m */; };
		EFCDD1CB1C13B94B0079C61B /* RTLight.m in Sources */ = {isa = PBXBuildFile; fileRef = EFCDD19B1C1357D90079C61B /* RTLight.m */; };
		EFCDD1CC1C13B94B0079C61B /* RTMaterial.m in Sources */ = {isa = PBXBuildFile; fileRef = EFCDD19E1C135AEB0079C61B /* RTMaterial.m */; };
		EFCDD1CD1C13B94B0079C61B /* RTCamera.m in Sources */ = {isa = PBXBuildFile; fileRef = EFCDD1A11C1360170079C61B /* RTCamera.m */; };
		EFCDD1CE1C13B94B0079C61B /* RTRay.m in Sources */ = {isa = PBXBuildFile; fileRef = EFCDD1A41C1363590079C61B /* RTRay.m */; };
		EFCDD1CF1C13B94B0079C61B /* RTDimension.m in Sources */ = {isa = PBXBuildFile; fileRef = EFCDD1A71C1364C00079C61B /* RTDimension.m */; };
		EFCDD1D01C13B94B0079C61B /* RTCanvas.m in Sources */ = {isa = PBXBuildFile; fileRef = EFCDD1AA1C1366490079C61B /* RTCanvas.m */; };
		EFCDD1D11C13B94B0079C61B /* RTPoint.m in Sources */ = {isa = PBXBuildFile; fileRef = EFCDD18D1C134D470079C61B /* RTPoint.m */; };
		EFCDD1D21C13B94B0079C61B /* RTVector.m in Sources */ = {isa = PBXBuildFile; fileRef = EFCDD1901C134DD70079C61B /* RTVector.m */; };
		EFCDD1D31C13B94B0079C61B /* Model.m in Sources */ = {isa = PBXBuildFile; fileRef = EFCDD1941C1351A30079C61B /* Model.m */; };
		EFCDD1D61C14F1B60079C61B /* RTBackground.m in Sources */ = {isa = PBXBuildFile; fileRef = EFCDD1D51C14F1B60079C61B /* RTBackground.m */; };
		EFCDD1D71C14F5040079C61B /* RTBackground.m in Sources */ = {isa = PBXBuildFile; fileRef = EFCDD1D51C14F1B60079C61B /* RTBackground.m */; };
/* End PBXBuildFile section */

/* Begin PBXContainerItemProxy section */
		EFCDD1621C1349BD0079C61B /* PBXContainerItemProxy */ = {
			isa = PBXContainerItemProxy;
			containerPortal = EFCDD1411C1349BD0079C61B /* Project object */;
			proxyType = 1;
			remoteGlobalIDString = EFCDD15F1C1349BD0079C61B;
			remoteInfo = "Watch Raytracer WatchKit App";
		};
		EFCDD1711C1349BD0079C61B /* PBXContainerItemProxy */ = {
			isa = PBXContainerItemProxy;
			containerPortal = EFCDD1411C1349BD0079C61B /* Project object */;
			proxyType = 1;
			remoteGlobalIDString = EFCDD16E1C1349BD0079C61B;
			remoteInfo = "Watch Raytracer WatchKit Extension";
		};
/* End PBXContainerItemProxy section */

/* Begin PBXCopyFilesBuildPhase section */
		EFCDD1821C1349BD0079C61B /* Embed App Extensions */ = {
			isa = PBXCopyFilesBuildPhase;
			buildActionMask = 2147483647;
			dstPath = "";
			dstSubfolderSpec = 13;
			files = (
				EFCDD1701C1349BD0079C61B /* Watch Raytracer WatchKit Extension.appex in Embed App Extensions */,
			);
			name = "Embed App Extensions";
			runOnlyForDeploymentPostprocessing = 0;
		};
		EFCDD1861C1349BD0079C61B /* Embed Watch Content */ = {
			isa = PBXCopyFilesBuildPhase;
			buildActionMask = 2147483647;
			dstPath = "$(CONTENTS_FOLDER_PATH)/Watch";
			dstSubfolderSpec = 16;
			files = (
				EFCDD1611C1349BD0079C61B /* Watch Raytracer WatchKit App.app in Embed Watch Content */,
			);
			name = "Embed Watch Content";
			runOnlyForDeploymentPostprocessing = 0;
		};
/* End PBXCopyFilesBuildPhase section */

/* Begin PBXFileReference section */
		EFCDD1491C1349BD0079C61B /* Watch Raytracer.app */ = {isa = PBXFileReference; explicitFileType = wrapper.application; includeInIndex = 0; path = "Watch Raytracer.app"; sourceTree = BUILT_PRODUCTS_DIR; };
		EFCDD14D1C1349BD0079C61B /* main.m */ = {isa = PBXFileReference; lastKnownFileType = sourcecode.c.objc; path = main.m; sourceTree = "<group>"; };
		EFCDD14F1C1349BD0079C61B /* AppDelegate.h */ = {isa = PBXFileReference; lastKnownFileType = sourcecode.c.h; path = AppDelegate.h; sourceTree = "<group>"; };
		EFCDD1501C1349BD0079C61B /* AppDelegate.m */ = {isa = PBXFileReference; lastKnownFileType = sourcecode.c.objc; path = AppDelegate.m; sourceTree = "<group>"; };
		EFCDD1521C1349BD0079C61B /* ViewController.h */ = {isa = PBXFileReference; lastKnownFileType = sourcecode.c.h; path = ViewController.h; sourceTree = "<group>"; };
		EFCDD1531C1349BD0079C61B /* ViewController.m */ = {isa = PBXFileReference; lastKnownFileType = sourcecode.c.objc; path = ViewController.m; sourceTree = "<group>"; };
		EFCDD1561C1349BD0079C61B /* Base */ = {isa = PBXFileReference; lastKnownFileType = file.storyboard; name = Base; path = Base.lproj/Main.storyboard; sourceTree = "<group>"; };
		EFCDD1581C1349BD0079C61B /* Assets.xcassets */ = {isa = PBXFileReference; lastKnownFileType = folder.assetcatalog; path = Assets.xcassets; sourceTree = "<group>"; };
		EFCDD15B1C1349BD0079C61B /* Base */ = {isa = PBXFileReference; lastKnownFileType = file.storyboard; name = Base; path = Base.lproj/LaunchScreen.storyboard; sourceTree = "<group>"; };
		EFCDD15D1C1349BD0079C61B /* Info.plist */ = {isa = PBXFileReference; lastKnownFileType = text.plist.xml; path = Info.plist; sourceTree = "<group>"; };
		EFCDD1601C1349BD0079C61B /* Watch Raytracer WatchKit App.app */ = {isa = PBXFileReference; explicitFileType = wrapper.application; includeInIndex = 0; path = "Watch Raytracer WatchKit App.app"; sourceTree = BUILT_PRODUCTS_DIR; };
		EFCDD1661C1349BD0079C61B /* Base */ = {isa = PBXFileReference; lastKnownFileType = file.storyboard; name = Base; path = Base.lproj/Interface.storyboard; sourceTree = "<group>"; };
		EFCDD1681C1349BD0079C61B /* Assets.xcassets */ = {isa = PBXFileReference; lastKnownFileType = folder.assetcatalog; path = Assets.xcassets; sourceTree = "<group>"; };
		EFCDD16A1C1349BD0079C61B /* Info.plist */ = {isa = PBXFileReference; lastKnownFileType = text.plist.xml; path = Info.plist; sourceTree = "<group>"; };
		EFCDD16F1C1349BD0079C61B /* Watch Raytracer WatchKit Extension.appex */ = {isa = PBXFileReference; explicitFileType = "wrapper.app-extension"; includeInIndex = 0; path = "Watch Raytracer WatchKit Extension.appex"; sourceTree = BUILT_PRODUCTS_DIR; };
		EFCDD1741C1349BD0079C61B /* InterfaceController.h */ = {isa = PBXFileReference; lastKnownFileType = sourcecode.c.h; path = InterfaceController.h; sourceTree = "<group>"; };
		EFCDD1751C1349BD0079C61B /* InterfaceController.m */ = {isa = PBXFileReference; lastKnownFileType = sourcecode.c.objc; path = InterfaceController.m; sourceTree = "<group>"; };
		EFCDD1771C1349BD0079C61B /* ExtensionDelegate.h */ = {isa = PBXFileReference; lastKnownFileType = sourcecode.c.h; path = ExtensionDelegate.h; sourceTree = "<group>"; };
		EFCDD1781C1349BD0079C61B /* ExtensionDelegate.m */ = {isa = PBXFileReference; lastKnownFileType = sourcecode.c.objc; path = ExtensionDelegate.m; sourceTree = "<group>"; };
		EFCDD17A1C1349BD0079C61B /* Assets.xcassets */ = {isa = PBXFileReference; lastKnownFileType = folder.assetcatalog; path = Assets.xcassets; sourceTree = "<group>"; };
		EFCDD17C1C1349BD0079C61B /* Info.plist */ = {isa = PBXFileReference; lastKnownFileType = text.plist.xml; path = Info.plist; sourceTree = "<group>"; };
		EFCDD18C1C134D470079C61B /* RTPoint.h */ = {isa = PBXFileReference; fileEncoding = 4; lastKnownFileType = sourcecode.c.h; path = RTPoint.h; sourceTree = "<group>"; };
		EFCDD18D1C134D470079C61B /* RTPoint.m */ = {isa = PBXFileReference; fileEncoding = 4; lastKnownFileType = sourcecode.c.objc; path = RTPoint.m; sourceTree = "<group>"; };
		EFCDD18F1C134DD70079C61B /* RTVector.h */ = {isa = PBXFileReference; fileEncoding = 4; lastKnownFileType = sourcecode.c.h; path = RTVector.h; sourceTree = "<group>"; };
		EFCDD1901C134DD70079C61B /* RTVector.m */ = {isa = PBXFileReference; fileEncoding = 4; lastKnownFileType = sourcecode.c.objc; path = RTVector.m; sourceTree = "<group>"; };
		EFCDD1931C1351A30079C61B /* Model.h */ = {isa = PBXFileReference; fileEncoding = 4; lastKnownFileType = sourcecode.c.h; path = Model.h; sourceTree = "<group>"; };
		EFCDD1941C1351A30079C61B /* Model.m */ = {isa = PBXFileReference; fileEncoding = 4; lastKnownFileType = sourcecode.c.objc; path = Model.m; sourceTree = "<group>"; };
		EFCDD1971C1353810079C61B /* RTColour.h */ = {isa = PBXFileReference; fileEncoding = 4; lastKnownFileType = sourcecode.c.h; path = RTColour.h; sourceTree = "<group>"; };
		EFCDD1981C1353810079C61B /* RTColour.m */ = {isa = PBXFileReference; fileEncoding = 4; lastKnownFileType = sourcecode.c.objc; path = RTColour.m; sourceTree = "<group>"; };
		EFCDD19A1C1357D90079C61B /* RTLight.h */ = {isa = PBXFileReference; fileEncoding = 4; lastKnownFileType = sourcecode.c.h; path = RTLight.h; sourceTree = "<group>"; };
		EFCDD19B1C1357D90079C61B /* RTLight.m */ = {isa = PBXFileReference; fileEncoding = 4; lastKnownFileType = sourcecode.c.objc; path = RTLight.m; sourceTree = "<group>"; };
		EFCDD19D1C135AEB0079C61B /* RTMaterial.h */ = {isa = PBXFileReference; fileEncoding = 4; lastKnownFileType = sourcecode.c.h; path = RTMaterial.h; sourceTree = "<group>"; };
		EFCDD19E1C135AEB0079C61B /* RTMaterial.m */ = {isa = PBXFileReference; fileEncoding = 4; lastKnownFileType = sourcecode.c.objc; path = RTMaterial.m; sourceTree = "<group>"; };
		EFCDD1A01C1360170079C61B /* RTCamera.h */ = {isa = PBXFileReference; fileEncoding = 4; lastKnownFileType = sourcecode.c.h; path = RTCamera.h; sourceTree = "<group>"; };
		EFCDD1A11C1360170079C61B /* RTCamera.m */ = {isa = PBXFileReference; fileEncoding = 4; lastKnownFileType = sourcecode.c.objc; path = RTCamera.m; sourceTree = "<group>"; };
		EFCDD1A31C1363590079C61B /* RTRay.h */ = {isa = PBXFileReference; fileEncoding = 4; lastKnownFileType = sourcecode.c.h; path = RTRay.h; sourceTree = "<group>"; };
		EFCDD1A41C1363590079C61B /* RTRay.m */ = {isa = PBXFileReference; fileEncoding = 4; lastKnownFileType = sourcecode.c.objc; path = RTRay.m; sourceTree = "<group>"; };
		EFCDD1A61C1364C00079C61B /* RTDimension.h */ = {isa = PBXFileReference; fileEncoding = 4; lastKnownFileType = sourcecode.c.h; path = RTDimension.h; sourceTree = "<group>"; };
		EFCDD1A71C1364C00079C61B /* RTDimension.m */ = {isa = PBXFileReference; fileEncoding = 4; lastKnownFileType = sourcecode.c.objc; path = RTDimension.m; sourceTree = "<group>"; };
		EFCDD1A91C1366490079C61B /* RTCanvas.h */ = {isa = PBXFileReference; fileEncoding = 4; lastKnownFileType = sourcecode.c.h; path = RTCanvas.h; sourceTree = "<group>"; };
		EFCDD1AA1C1366490079C61B /* RTCanvas.m */ = {isa = PBXFileReference; fileEncoding = 4; lastKnownFileType = sourcecode.c.objc; path = RTCanvas.m; sourceTree = "<group>"; };
		EFCDD1AD1C136D2F0079C61B /* RTAbstractObject.h */ = {isa = PBXFileReference; fileEncoding = 4; lastKnownFileType = sourcecode.c.h; path = RTAbstractObject.h; sourceTree = "<group>"; };
		EFCDD1AE1C136D2F0079C61B /* RTAbstractObject.m */ = {isa = PBXFileReference; fileEncoding = 4; lastKnownFileType = sourcecode.c.objc; path = RTAbstractObject.m; sourceTree = "<group>"; };
		EFCDD1B01C1376D70079C61B /* RTScene.h */ = {isa = PBXFileReference; fileEncoding = 4; lastKnownFileType = sourcecode.c.h; path = RTScene.h; sourceTree = "<group>"; };
		EFCDD1B11C1376D70079C61B /* RTScene.m */ = {isa = PBXFileReference; fileEncoding = 4; lastKnownFileType = sourcecode.c.objc; path = RTScene.m; sourceTree = "<group>"; };
		EFCDD1B31C137DF90079C61B /* RTObjectBuilder.h */ = {isa = PBXFileReference; fileEncoding = 4; lastKnownFileType = sourcecode.c.h; path = RTObjectBuilder.h; sourceTree = "<group>"; };
		EFCDD1B41C137DF90079C61B /* RTObjectBuilder.m */ = {isa = PBXFileReference; fileEncoding = 4; lastKnownFileType = sourcecode.c.objc; path = RTObjectBuilder.m; sourceTree = "<group>"; };
		EFCDD1B61C1380990079C61B /* RTBox.h */ = {isa = PBXFileReference; fileEncoding = 4; lastKnownFileType = sourcecode.c.h; path = RTBox.h; sourceTree = "<group>"; };
		EFCDD1B71C1380990079C61B /* RTBox.m */ = {isa = PBXFileReference; fileEncoding = 4; lastKnownFileType = sourcecode.c.objc; path = RTBox.m; sourceTree = "<group>"; };
		EFCDD1B91C1387730079C61B /* RTSphere.h */ = {isa = PBXFileReference; fileEncoding = 4; lastKnownFileType = sourcecode.c.h; path = RTSphere.h; sourceTree = "<group>"; };
		EFCDD1BA1C1387730079C61B /* RTSphere.m */ = {isa = PBXFileReference; fileEncoding = 4; lastKnownFileType = sourcecode.c.objc; path = RTSphere.m; sourceTree = "<group>"; };
		EFCDD1BD1C138BAC0079C61B /* RTRayShooter.h */ = {isa = PBXFileReference; fileEncoding = 4; lastKnownFileType = sourcecode.c.h; path = RTRayShooter.h; sourceTree = "<group>"; };
		EFCDD1BE1C138BAC0079C61B /* RTRayShooter.m */ = {isa = PBXFileReference; fileEncoding = 4; lastKnownFileType = sourcecode.c.objc; path = RTRayShooter.m; sourceTree = "<group>"; };
		EFCDD1C01C138BB90079C61B /* RTRayTracer.h */ = {isa = PBXFileReference; fileEncoding = 4; lastKnownFileType = sourcecode.c.h; path = RTRayTracer.h; sourceTree = "<group>"; };
		EFCDD1C11C138BB90079C61B /* RTRayTracer.m */ = {isa = PBXFileReference; fileEncoding = 4; lastKnownFileType = sourcecode.c.objc; path = RTRayTracer.m; sourceTree = "<group>"; };
		EFCDD1D41C14F1B60079C61B /* RTBackground.h */ = {isa = PBXFileReference; fileEncoding = 4; lastKnownFileType = sourcecode.c.h; path = RTBackground.h; sourceTree = "<group>"; };
		EFCDD1D51C14F1B60079C61B /* RTBackground.m */ = {isa = PBXFileReference; fileEncoding = 4; lastKnownFileType = sourcecode.c.objc; path = RTBackground.m; sourceTree = "<group>"; };
/* End PBXFileReference section */

/* Begin PBXFrameworksBuildPhase section */
		EFCDD1461C1349BD0079C61B /* Frameworks */ = {
			isa = PBXFrameworksBuildPhase;
			buildActionMask = 2147483647;
			files = (
			);
			runOnlyForDeploymentPostprocessing = 0;
		};
		EFCDD16C1C1349BD0079C61B /* Frameworks */ = {
			isa = PBXFrameworksBuildPhase;
			buildActionMask = 2147483647;
			files = (
			);
			runOnlyForDeploymentPostprocessing = 0;
		};
/* End PBXFrameworksBuildPhase section */

/* Begin PBXGroup section */
		EFCDD1401C1349BD0079C61B = {
			isa = PBXGroup;
			children = (
				EFCDD14B1C1349BD0079C61B /* Watch Raytracer */,
				EFCDD1641C1349BD0079C61B /* Watch Raytracer WatchKit App */,
				EFCDD1731C1349BD0079C61B /* Watch Raytracer WatchKit Extension */,
				EFCDD14A1C1349BD0079C61B /* Products */,
			);
			sourceTree = "<group>";
		};
		EFCDD14A1C1349BD0079C61B /* Products */ = {
			isa = PBXGroup;
			children = (
				EFCDD1491C1349BD0079C61B /* Watch Raytracer.app */,
				EFCDD1601C1349BD0079C61B /* Watch Raytracer WatchKit App.app */,
				EFCDD16F1C1349BD0079C61B /* Watch Raytracer WatchKit Extension.appex */,
			);
			name = Products;
			sourceTree = "<group>";
		};
		EFCDD14B1C1349BD0079C61B /* Watch Raytracer */ = {
			isa = PBXGroup;
			children = (
				EFCDD18A1C1349E70079C61B /* Raytracer */,
				EFCDD14F1C1349BD0079C61B /* AppDelegate.h */,
				EFCDD1501C1349BD0079C61B /* AppDelegate.m */,
				EFCDD1521C1349BD0079C61B /* ViewController.h */,
				EFCDD1531C1349BD0079C61B /* ViewController.m */,
				EFCDD1551C1349BD0079C61B /* Main.storyboard */,
				EFCDD1581C1349BD0079C61B /* Assets.xcassets */,
				EFCDD15A1C1349BD0079C61B /* LaunchScreen.storyboard */,
				EFCDD15D1C1349BD0079C61B /* Info.plist */,
				EFCDD14C1C1349BD0079C61B /* Supporting Files */,
			);
			path = "Watch Raytracer";
			sourceTree = "<group>";
		};
		EFCDD14C1C1349BD0079C61B /* Supporting Files */ = {
			isa = PBXGroup;
			children = (
				EFCDD14D1C1349BD0079C61B /* main.m */,
			);
			name = "Supporting Files";
			sourceTree = "<group>";
		};
		EFCDD1641C1349BD0079C61B /* Watch Raytracer WatchKit App */ = {
			isa = PBXGroup;
			children = (
				EFCDD1651C1349BD0079C61B /* Interface.storyboard */,
				EFCDD1681C1349BD0079C61B /* Assets.xcassets */,
				EFCDD16A1C1349BD0079C61B /* Info.plist */,
			);
			path = "Watch Raytracer WatchKit App";
			sourceTree = "<group>";
		};
		EFCDD1731C1349BD0079C61B /* Watch Raytracer WatchKit Extension */ = {
			isa = PBXGroup;
			children = (
				EFCDD1741C1349BD0079C61B /* InterfaceController.h */,
				EFCDD1751C1349BD0079C61B /* InterfaceController.m */,
				EFCDD1771C1349BD0079C61B /* ExtensionDelegate.h */,
				EFCDD1781C1349BD0079C61B /* ExtensionDelegate.m */,
				EFCDD17A1C1349BD0079C61B /* Assets.xcassets */,
				EFCDD17C1C1349BD0079C61B /* Info.plist */,
			);
			path = "Watch Raytracer WatchKit Extension";
			sourceTree = "<group>";
		};
		EFCDD18A1C1349E70079C61B /* Raytracer */ = {
			isa = PBXGroup;
			children = (
				EFCDD1BC1C138B740079C61B /* Engine */,
				EFCDD1961C13535B0079C61B /* Objects */,
				EFCDD18B1C134D310079C61B /* Geometry */,
				EFCDD1931C1351A30079C61B /* Model.h */,
				EFCDD1941C1351A30079C61B /* Model.m */,
			);
			path = Raytracer;
			sourceTree = "<group>";
		};
		EFCDD18B1C134D310079C61B /* Geometry */ = {
			isa = PBXGroup;
			children = (
				EFCDD18C1C134D470079C61B /* RTPoint.h */,
				EFCDD18D1C134D470079C61B /* RTPoint.m */,
				EFCDD18F1C134DD70079C61B /* RTVector.h */,
				EFCDD1901C134DD70079C61B /* RTVector.m */,
			);
			path = Geometry;
			sourceTree = "<group>";
		};
		EFCDD1961C13535B0079C61B /* Objects */ = {
			isa = PBXGroup;
			children = (
				EFCDD1AC1C136D0D0079C61B /* Scene */,
				EFCDD1971C1353810079C61B /* RTColour.h */,
				EFCDD1981C1353810079C61B /* RTColour.m */,
				EFCDD19A1C1357D90079C61B /* RTLight.h */,
				EFCDD19B1C1357D90079C61B /* RTLight.m */,
				EFCDD19D1C135AEB0079C61B /* RTMaterial.h */,
				EFCDD19E1C135AEB0079C61B /* RTMaterial.m */,
				EFCDD1A01C1360170079C61B /* RTCamera.h */,
				EFCDD1A11C1360170079C61B /* RTCamera.m */,
				EFCDD1A31C1363590079C61B /* RTRay.h */,
				EFCDD1A41C1363590079C61B /* RTRay.m */,
				EFCDD1A61C1364C00079C61B /* RTDimension.h */,
				EFCDD1A71C1364C00079C61B /* RTDimension.m */,
				EFCDD1A91C1366490079C61B /* RTCanvas.h */,
				EFCDD1AA1C1366490079C61B /* RTCanvas.m */,
			);
			path = Objects;
			sourceTree = "<group>";
		};
		EFCDD1AC1C136D0D0079C61B /* Scene */ = {
			isa = PBXGroup;
			children = (
				EFCDD1AD1C136D2F0079C61B /* RTAbstractObject.h */,
				EFCDD1AE1C136D2F0079C61B /* RTAbstractObject.m */,
				EFCDD1B01C1376D70079C61B /* RTScene.h */,
				EFCDD1B11C1376D70079C61B /* RTScene.m */,
				EFCDD1B31C137DF90079C61B /* RTObjectBuilder.h */,
				EFCDD1B41C137DF90079C61B /* RTObjectBuilder.m */,
				EFCDD1B61C1380990079C61B /* RTBox.h */,
				EFCDD1B71C1380990079C61B /* RTBox.m */,
				EFCDD1B91C1387730079C61B /* RTSphere.h */,
				EFCDD1BA1C1387730079C61B /* RTSphere.m */,
				EFCDD1D41C14F1B60079C61B /* RTBackground.h */,
				EFCDD1D51C14F1B60079C61B /* RTBackground.m */,
			);
			path = Scene;
			sourceTree = "<group>";
		};
		EFCDD1BC1C138B740079C61B /* Engine */ = {
			isa = PBXGroup;
			children = (
				EFCDD1BD1C138BAC0079C61B /* RTRayShooter.h */,
				EFCDD1BE1C138BAC0079C61B /* RTRayShooter.m */,
				EFCDD1C01C138BB90079C61B /* RTRayTracer.h */,
				EFCDD1C11C138BB90079C61B /* RTRayTracer.m */,
			);
			path = Engine;
			sourceTree = "<group>";
		};
/* End PBXGroup section */

/* Begin PBXNativeTarget section */
		EFCDD1481C1349BD0079C61B /* Watch Raytracer */ = {
			isa = PBXNativeTarget;
			buildConfigurationList = EFCDD1871C1349BD0079C61B /* Build configuration list for PBXNativeTarget "Watch Raytracer" */;
			buildPhases = (
				EFCDD1451C1349BD0079C61B /* Sources */,
				EFCDD1461C1349BD0079C61B /* Frameworks */,
				EFCDD1471C1349BD0079C61B /* Resources */,
				EFCDD1861C1349BD0079C61B /* Embed Watch Content */,
			);
			buildRules = (
			);
			dependencies = (
				EFCDD1631C1349BD0079C61B /* PBXTargetDependency */,
			);
			name = "Watch Raytracer";
			productName = "Watch Raytracer";
			productReference = EFCDD1491C1349BD0079C61B /* Watch Raytracer.app */;
			productType = "com.apple.product-type.application";
		};
		EFCDD15F1C1349BD0079C61B /* Watch Raytracer WatchKit App */ = {
			isa = PBXNativeTarget;
			buildConfigurationList = EFCDD1831C1349BD0079C61B /* Build configuration list for PBXNativeTarget "Watch Raytracer WatchKit App" */;
			buildPhases = (
				EFCDD15E1C1349BD0079C61B /* Resources */,
				EFCDD1821C1349BD0079C61B /* Embed App Extensions */,
			);
			buildRules = (
			);
			dependencies = (
				EFCDD1721C1349BD0079C61B /* PBXTargetDependency */,
			);
			name = "Watch Raytracer WatchKit App";
			productName = "Watch Raytracer WatchKit App";
			productReference = EFCDD1601C1349BD0079C61B /* Watch Raytracer WatchKit App.app */;
			productType = "com.apple.product-type.application.watchapp2";
		};
		EFCDD16E1C1349BD0079C61B /* Watch Raytracer WatchKit Extension */ = {
			isa = PBXNativeTarget;
			buildConfigurationList = EFCDD17F1C1349BD0079C61B /* Build configuration list for PBXNativeTarget "Watch Raytracer WatchKit Extension" */;
			buildPhases = (
				EFCDD16B1C1349BD0079C61B /* Sources */,
				EFCDD16C1C1349BD0079C61B /* Frameworks */,
				EFCDD16D1C1349BD0079C61B /* Resources */,
			);
			buildRules = (
			);
			dependencies = (
			);
			name = "Watch Raytracer WatchKit Extension";
			productName = "Watch Raytracer WatchKit Extension";
			productReference = EFCDD16F1C1349BD0079C61B /* Watch Raytracer WatchKit Extension.appex */;
			productType = "com.apple.product-type.watchkit2-extension";
		};
/* End PBXNativeTarget section */

/* Begin PBXProject section */
		EFCDD1411C1349BD0079C61B /* Project object */ = {
			isa = PBXProject;
			attributes = {
				LastUpgradeCheck = 0710;
				ORGANIZATIONNAME = bluenose;
				TargetAttributes = {
					EFCDD1481C1349BD0079C61B = {
						CreatedOnToolsVersion = 7.1;
						DevelopmentTeam = 38USQ67WZ9;
					};
					EFCDD15F1C1349BD0079C61B = {
						CreatedOnToolsVersion = 7.1;
						DevelopmentTeam = 38USQ67WZ9;
					};
					EFCDD16E1C1349BD0079C61B = {
						CreatedOnToolsVersion = 7.1;
						DevelopmentTeam = 38USQ67WZ9;
					};
				};
			};
			buildConfigurationList = EFCDD1441C1349BD0079C61B /* Build configuration list for PBXProject "Watch Raytracer" */;
			compatibilityVersion = "Xcode 3.2";
			developmentRegion = English;
			hasScannedForEncodings = 0;
			knownRegions = (
				en,
				Base,
			);
			mainGroup = EFCDD1401C1349BD0079C61B;
			productRefGroup = EFCDD14A1C1349BD0079C61B /* Products */;
			projectDirPath = "";
			projectRoot = "";
			targets = (
				EFCDD1481C1349BD0079C61B /* Watch Raytracer */,
				EFCDD15F1C1349BD0079C61B /* Watch Raytracer WatchKit App */,
				EFCDD16E1C1349BD0079C61B /* Watch Raytracer WatchKit Extension */,
			);
		};
/* End PBXProject section */

/* Begin PBXResourcesBuildPhase section */
		EFCDD1471C1349BD0079C61B /* Resources */ = {
			isa = PBXResourcesBuildPhase;
			buildActionMask = 2147483647;
			files = (
				EFCDD15C1C1349BD0079C61B /* LaunchScreen.storyboard in Resources */,
				EFCDD1591C1349BD0079C61B /* Assets.xcassets in Resources */,
				EFCDD1571C1349BD0079C61B /* Main.storyboard in Resources */,
			);
			runOnlyForDeploymentPostprocessing = 0;
		};
		EFCDD15E1C1349BD0079C61B /* Resources */ = {
			isa = PBXResourcesBuildPhase;
			buildActionMask = 2147483647;
			files = (
				EFCDD1691C1349BD0079C61B /* Assets.xcassets in Resources */,
				EFCDD1671C1349BD0079C61B /* Interface.storyboard in Resources */,
			);
			runOnlyForDeploymentPostprocessing = 0;
		};
		EFCDD16D1C1349BD0079C61B /* Resources */ = {
			isa = PBXResourcesBuildPhase;
			buildActionMask = 2147483647;
			files = (
				EFCDD17B1C1349BD0079C61B /* Assets.xcassets in Resources */,
			);
			runOnlyForDeploymentPostprocessing = 0;
		};
/* End PBXResourcesBuildPhase section */

/* Begin PBXSourcesBuildPhase section */
		EFCDD1451C1349BD0079C61B /* Sources */ = {
			isa = PBXSourcesBuildPhase;
			buildActionMask = 2147483647;
			files = (
				EFCDD1B51C137DF90079C61B /* RTObjectBuilder.m in Sources */,
				EFCDD18E1C134D470079C61B /* RTPoint.m in Sources */,
				EFCDD19F1C135AEB0079C61B /* RTMaterial.m in Sources */,
				EFCDD1541C1349BD0079C61B /* ViewController.m in Sources */,
				EFCDD19C1C1357D90079C61B /* RTLight.m in Sources */,
				EFCDD1AB1C1366490079C61B /* RTCanvas.m in Sources */,
				EFCDD1911C134DD70079C61B /* RTVector.m in Sources */,
				EFCDD1991C1353810079C61B /* RTColour.m in Sources */,
				EFCDD1BB1C1387730079C61B /* RTSphere.m in Sources */,
				EFCDD1B81C1380990079C61B /* RTBox.m in Sources */,
				EFCDD1951C1351A30079C61B /* Model.m in Sources */,
				EFCDD1BF1C138BAC0079C61B /* RTRayShooter.m in Sources */,
				EFCDD1511C1349BD0079C61B /* AppDelegate.m in Sources */,
				EFCDD1A81C1364C00079C61B /* RTDimension.m in Sources */,
				EFCDD1A51C1363590079C61B /* RTRay.m in Sources */,
				EFCDD1C21C138BB90079C61B /* RTRayTracer.m in Sources */,
				EFCDD1B21C1376D70079C61B /* RTScene.m in Sources */,
				EFCDD1A21C1360170079C61B /* RTCamera.m in Sources */,
				EFCDD1D61C14F1B60079C61B /* RTBackground.m in Sources */,
				EFCDD1AF1C136D2F0079C61B /* RTAbstractObject.m in Sources */,
				EFCDD14E1C1349BD0079C61B /* main.m in Sources */,
			);
			runOnlyForDeploymentPostprocessing = 0;
		};
		EFCDD16B1C1349BD0079C61B /* Sources */ = {
			isa = PBXSourcesBuildPhase;
			buildActionMask = 2147483647;
			files = (
				EFCDD1C71C13B94B0079C61B /* RTObjectBuilder.m in Sources */,
				EFCDD1C81C13B94B0079C61B /* RTBox.m in Sources */,
				EFCDD1C31C13B94B0079C61B /* RTRayShooter.m in Sources */,
				EFCDD1CA1C13B94B0079C61B /* RTColour.m in Sources */,
				EFCDD1CE1C13B94B0079C61B /* RTRay.m in Sources */,
				EFCDD1CD1C13B94B0079C61B /* RTCamera.m in Sources */,
				EFCDD1CC1C13B94B0079C61B /* RTMaterial.m in Sources */,
				EFCDD1D11C13B94B0079C61B /* RTPoint.m in Sources */,
				EFCDD1D21C13B94B0079C61B /* RTVector.m in Sources */,
				EFCDD1D01C13B94B0079C61B /* RTCanvas.m in Sources */,
				EFCDD1791C1349BD0079C61B /* ExtensionDelegate.m in Sources */,
				EFCDD1D71C14F5040079C61B /* RTBackground.m in Sources */,
				EFCDD1CF1C13B94B0079C61B /* RTDimension.m in Sources */,
				EFCDD1D31C13B94B0079C61B /* Model.m in Sources */,
				EFCDD1CB1C13B94B0079C61B /* RTLight.m in Sources */,
				EFCDD1C61C13B94B0079C61B /* RTScene.m in Sources */,
				EFCDD1C51C13B94B0079C61B /* RTAbstractObject.m in Sources */,
				EFCDD1761C1349BD0079C61B /* InterfaceController.m in Sources */,
				EFCDD1C41C13B94B0079C61B /* RTRayTracer.m in Sources */,
				EFCDD1C91C13B94B0079C61B /* RTSphere.m in Sources */,
			);
			runOnlyForDeploymentPostprocessing = 0;
		};
/* End PBXSourcesBuildPhase section */

/* Begin PBXTargetDependency section */
		EFCDD1631C1349BD0079C61B /* PBXTargetDependency */ = {
			isa = PBXTargetDependency;
			target = EFCDD15F1C1349BD0079C61B /* Watch Raytracer WatchKit App */;
			targetProxy = EFCDD1621C1349BD0079C61B /* PBXContainerItemProxy */;
		};
		EFCDD1721C1349BD0079C61B /* PBXTargetDependency */ = {
			isa = PBXTargetDependency;
			target = EFCDD16E1C1349BD0079C61B /* Watch Raytracer WatchKit Extension */;
			targetProxy = EFCDD1711C1349BD0079C61B /* PBXContainerItemProxy */;
		};
/* End PBXTargetDependency section */

/* Begin PBXVariantGroup section */
		EFCDD1551C1349BD0079C61B /* Main.storyboard */ = {
			isa = PBXVariantGroup;
			children = (
				EFCDD1561C1349BD0079C61B /* Base */,
			);
			name = Main.storyboard;
			sourceTree = "<group>";
		};
		EFCDD15A1C1349BD0079C61B /* LaunchScreen.storyboard */ = {
			isa = PBXVariantGroup;
			children = (
				EFCDD15B1C1349BD0079C61B /* Base */,
			);
			name = LaunchScreen.storyboard;
			sourceTree = "<group>";
		};
		EFCDD1651C1349BD0079C61B /* Interface.storyboard */ = {
			isa = PBXVariantGroup;
			children = (
				EFCDD1661C1349BD0079C61B /* Base */,
			);
			name = Interface.storyboard;
			sourceTree = "<group>";
		};
/* End PBXVariantGroup section */

/* Begin XCBuildConfiguration section */
		EFCDD17D1C1349BD0079C61B /* Debug */ = {
			isa = XCBuildConfiguration;
			buildSettings = {
				ALWAYS_SEARCH_USER_PATHS = NO;
				CLANG_CXX_LANGUAGE_STANDARD = "gnu++0x";
				CLANG_CXX_LIBRARY = "libc++";
				CLANG_ENABLE_MODULES = YES;
				CLANG_ENABLE_OBJC_ARC = YES;
				CLANG_WARN_BOOL_CONVERSION = YES;
				CLANG_WARN_CONSTANT_CONVERSION = YES;
				CLANG_WARN_DIRECT_OBJC_ISA_USAGE = YES_ERROR;
				CLANG_WARN_EMPTY_BODY = YES;
				CLANG_WARN_ENUM_CONVERSION = YES;
				CLANG_WARN_INT_CONVERSION = YES;
				CLANG_WARN_OBJC_ROOT_CLASS = YES_ERROR;
				CLANG_WARN_UNREACHABLE_CODE = YES;
				CLANG_WARN__DUPLICATE_METHOD_MATCH = YES;
				"CODE_SIGN_IDENTITY[sdk=iphoneos*]" = "iPhone Developer";
				COPY_PHASE_STRIP = NO;
				DEBUG_INFORMATION_FORMAT = dwarf;
				ENABLE_STRICT_OBJC_MSGSEND = YES;
				ENABLE_TESTABILITY = YES;
				GCC_C_LANGUAGE_STANDARD = gnu99;
				GCC_DYNAMIC_NO_PIC = NO;
				GCC_NO_COMMON_BLOCKS = YES;
				GCC_OPTIMIZATION_LEVEL = 0;
				GCC_PREPROCESSOR_DEFINITIONS = (
					"DEBUG=1",
					"$(inherited)",
				);
				GCC_WARN_64_TO_32_BIT_CONVERSION = YES;
				GCC_WARN_ABOUT_RETURN_TYPE = YES_ERROR;
				GCC_WARN_UNDECLARED_SELECTOR = YES;
				GCC_WARN_UNINITIALIZED_AUTOS = YES_AGGRESSIVE;
				GCC_WARN_UNUSED_FUNCTION = YES;
				GCC_WARN_UNUSED_VARIABLE = YES;
				IPHONEOS_DEPLOYMENT_TARGET = 9.1;
				MTL_ENABLE_DEBUG_INFO = YES;
				ONLY_ACTIVE_ARCH = YES;
				SDKROOT = iphoneos;
			};
			name = Debug;
		};
		EFCDD17E1C1349BD0079C61B /* Release */ = {
			isa = XCBuildConfiguration;
			buildSettings = {
				ALWAYS_SEARCH_USER_PATHS = NO;
				CLANG_CXX_LANGUAGE_STANDARD = "gnu++0x";
				CLANG_CXX_LIBRARY = "libc++";
				CLANG_ENABLE_MODULES = YES;
				CLANG_ENABLE_OBJC_ARC = YES;
				CLANG_WARN_BOOL_CONVERSION = YES;
				CLANG_WARN_CONSTANT_CONVERSION = YES;
				CLANG_WARN_DIRECT_OBJC_ISA_USAGE = YES_ERROR;
				CLANG_WARN_EMPTY_BODY = YES;
				CLANG_WARN_ENUM_CONVERSION = YES;
				CLANG_WARN_INT_CONVERSION = YES;
				CLANG_WARN_OBJC_ROOT_CLASS = YES_ERROR;
				CLANG_WARN_UNREACHABLE_CODE = YES;
				CLANG_WARN__DUPLICATE_METHOD_MATCH = YES;
				"CODE_SIGN_IDENTITY[sdk=iphoneos*]" = "iPhone Developer";
				COPY_PHASE_STRIP = NO;
				DEBUG_INFORMATION_FORMAT = "dwarf-with-dsym";
				ENABLE_NS_ASSERTIONS = NO;
				ENABLE_STRICT_OBJC_MSGSEND = YES;
				GCC_C_LANGUAGE_STANDARD = gnu99;
				GCC_NO_COMMON_BLOCKS = YES;
				GCC_WARN_64_TO_32_BIT_CONVERSION = YES;
				GCC_WARN_ABOUT_RETURN_TYPE = YES_ERROR;
				GCC_WARN_UNDECLARED_SELECTOR = YES;
				GCC_WARN_UNINITIALIZED_AUTOS = YES_AGGRESSIVE;
				GCC_WARN_UNUSED_FUNCTION = YES;
				GCC_WARN_UNUSED_VARIABLE = YES;
				IPHONEOS_DEPLOYMENT_TARGET = 9.1;
				MTL_ENABLE_DEBUG_INFO = NO;
				SDKROOT = iphoneos;
				VALIDATE_PRODUCT = YES;
			};
			name = Release;
		};
		EFCDD1801C1349BD0079C61B /* Debug */ = {
			isa = XCBuildConfiguration;
			buildSettings = {
				CLANG_ENABLE_OBJC_ARC = NO;
				CODE_SIGN_IDENTITY = "iPhone Developer";
				INFOPLIST_FILE = "Watch Raytracer WatchKit Extension/Info.plist";
				LD_RUNPATH_SEARCH_PATHS = "$(inherited) @executable_path/Frameworks @executable_path/../../Frameworks";
				PRODUCT_BUNDLE_IDENTIFIER = "com.bluenose.Watch-Raytracer.watchkitapp.watchkitextension";
				PRODUCT_NAME = "${TARGET_NAME}";
				SDKROOT = watchos;
				SKIP_INSTALL = YES;
				TARGETED_DEVICE_FAMILY = 4;
				WATCHOS_DEPLOYMENT_TARGET = 2.0;
			};
			name = Debug;
		};
		EFCDD1811C1349BD0079C61B /* Release */ = {
			isa = XCBuildConfiguration;
			buildSettings = {
				CLANG_ENABLE_OBJC_ARC = NO;
				CODE_SIGN_IDENTITY = "iPhone Developer";
				INFOPLIST_FILE = "Watch Raytracer WatchKit Extension/Info.plist";
				LD_RUNPATH_SEARCH_PATHS = "$(inherited) @executable_path/Frameworks @executable_path/../../Frameworks";
				PRODUCT_BUNDLE_IDENTIFIER = "com.bluenose.Watch-Raytracer.watchkitapp.watchkitextension";
				PRODUCT_NAME = "${TARGET_NAME}";
				SDKROOT = watchos;
				SKIP_INSTALL = YES;
				TARGETED_DEVICE_FAMILY = 4;
				WATCHOS_DEPLOYMENT_TARGET = 2.0;
			};
			name = Release;
		};
		EFCDD1841C1349BD0079C61B /* Debug */ = {
			isa = XCBuildConfiguration;
			buildSettings = {
				ASSETCATALOG_COMPILER_APPICON_NAME = AppIcon;
				CLANG_ENABLE_OBJC_ARC = NO;
				CODE_SIGN_IDENTITY = "iPhone Developer";
				IBSC_MODULE = Watch_Raytracer_WatchKit_Extension;
				INFOPLIST_FILE = "Watch Raytracer WatchKit App/Info.plist";
				PRODUCT_BUNDLE_IDENTIFIER = "com.bluenose.Watch-Raytracer.watchkitapp";
				PRODUCT_NAME = "$(TARGET_NAME)";
				SDKROOT = watchos;
				SKIP_INSTALL = YES;
				TARGETED_DEVICE_FAMILY = 4;
				WATCHOS_DEPLOYMENT_TARGET = 2.0;
			};
			name = Debug;
		};
		EFCDD1851C1349BD0079C61B /* Release */ = {
			isa = XCBuildConfiguration;
			buildSettings = {
				ASSETCATALOG_COMPILER_APPICON_NAME = AppIcon;
				CLANG_ENABLE_OBJC_ARC = NO;
				CODE_SIGN_IDENTITY = "iPhone Developer";
				IBSC_MODULE = Watch_Raytracer_WatchKit_Extension;
				INFOPLIST_FILE = "Watch Raytracer WatchKit App/Info.plist";
				PRODUCT_BUNDLE_IDENTIFIER = "com.bluenose.Watch-Raytracer.watchkitapp";
				PRODUCT_NAME = "$(TARGET_NAME)";
				SDKROOT = watchos;
				SKIP_INSTALL = YES;
				TARGETED_DEVICE_FAMILY = 4;
				WATCHOS_DEPLOYMENT_TARGET = 2.0;
			};
			name = Release;
		};
		EFCDD1881C1349BD0079C61B /* Debug */ = {
			isa = XCBuildConfiguration;
			buildSettings = {
				ASSETCATALOG_COMPILER_APPICON_NAME = AppIcon;
				CLANG_ENABLE_OBJC_ARC = NO;
				CODE_SIGN_IDENTITY = "iPhone Developer";
				INFOPLIST_FILE = "Watch Raytracer/Info.plist";
				LD_RUNPATH_SEARCH_PATHS = "$(inherited) @executable_path/Frameworks";
				PRODUCT_BUNDLE_IDENTIFIER = "com.bluenose.Watch-Raytracer";
				PRODUCT_NAME = "$(TARGET_NAME)";
			};
			name = Debug;
		};
		EFCDD1891C1349BD0079C61B /* Release */ = {
			isa = XCBuildConfiguration;
			buildSettings = {
				ASSETCATALOG_COMPILER_APPICON_NAME = AppIcon;
				CLANG_ENABLE_OBJC_ARC = NO;
				CODE_SIGN_IDENTITY = "iPhone Developer";
				INFOPLIST_FILE = "Watch Raytracer/Info.plist";
				LD_RUNPATH_SEARCH_PATHS = "$(inherited) @executable_path/Frameworks";
				PRODUCT_BUNDLE_IDENTIFIER = "com.bluenose.Watch-Raytracer";
				PRODUCT_NAME = "$(TARGET_NAME)";
			};
			name = Release;
		};
/* End XCBuildConfiguration section */

/* Begin XCConfigurationList section */
		EFCDD1441C1349BD0079C61B /* Build configuration list for PBXProject "Watch Raytracer" */ = {
			isa = XCConfigurationList;
			buildConfigurations = (
				EFCDD17D1C1349BD0079C61B /* Debug */,
				EFCDD17E1C1349BD0079C61B /* Release */,
			);
			defaultConfigurationIsVisible = 0;
			defaultConfigurationName = Release;
		};
		EFCDD17F1C1349BD0079C61B /* Build configuration list for PBXNativeTarget "Watch Raytracer WatchKit Extension" */ = {
			isa = XCConfigurationList;
			buildConfigurations = (
				EFCDD1801C1349BD0079C61B /* Debug */,
				EFCDD1811C1349BD0079C61B /* Release */,
			);
			defaultConfigurationIsVisible = 0;
			defaultConfigurationName = Release;
		};
		EFCDD1831C1349BD0079C61B /* Build configuration list for PBXNativeTarget "Watch Raytracer WatchKit App" */ = {
			isa = XCConfigurationList;
			buildConfigurations = (
				EFCDD1841C1349BD0079C61B /* Debug */,
				EFCDD1851C1349BD0079C61B /* Release */,
			);
			defaultConfigurationIsVisible = 0;
			defaultConfigurationName = Release;
		};
		EFCDD1871C1349BD0079C61B /* Build configuration list for PBXNativeTarget "Watch Raytracer" */ = {
			isa = XCConfigurationList;
			buildConfigurations = (
				EFCDD1881C1349BD0079C61B /* Debug */,
				EFCDD1891C1349BD0079C61B /* Release */,
			);
			defaultConfigurationIsVisible = 0;
			defaultConfigurationName = Release;
		};
/* End XCConfigurationList section */
	};
	rootObject = EFCDD1411C1349BD0079C61B /* Project object */;
}
